
Microsoft Visual Studio Solution File, Format Version 12.00
# Visual Studio Version 17
VisualStudioVersion = 17.8.34511.84
MinimumVisualStudioVersion = 10.0.40219.1
Project("{9A19103F-16F7-4668-BE54-9A1E7A4F7556}") = "devbuddy.desktop", "devbuddy.desktop\devbuddy.desktop.csproj", "{E98B702A-CC43-457C-AB78-65F9640B6C94}"
EndProject
Project("{9A19103F-16F7-4668-BE54-9A1E7A4F7556}") = "devbuddy.blazor", "devbuddy.blazor\devbuddy.blazor.csproj", "{AF7579BD-BEF8-4C28-B1B9-D8E172B43F4E}"
EndProject
Project("{9A19103F-16F7-4668-BE54-9A1E7A4F7556}") = "devbuddy.business", "devbuddy.business\devbuddy.business.csproj", "{82062294-F476-44BD-8609-831D199F0851}"
EndProject
Project("{9A19103F-16F7-4668-BE54-9A1E7A4F7556}") = "devbuddy.common", "devbuddy.common\devbuddy.common.csproj", "{B5497FEE-E6C2-44B7-BAAC-4A67B8EA2090}"
EndProject
Project("{9A19103F-16F7-4668-BE54-9A1E7A4F7556}") = "devbuddy.notificationhub", "devbuddy.notificationhub\devbuddy.notificationhub.csproj", "{D47E1DEA-D544-4270-B549-33E547EE02C8}"
EndProject
Project("{2150E333-8FDC-42A3-9474-1A3956D46DE8}") = "plugins", "plugins", "{255A78B8-75D1-4175-B9AA-5E9F2BE5EACC}"
EndProject
Project("{9A19103F-16F7-4668-BE54-9A1E7A4F7556}") = "devbuddy.web", "devbuddy.web\devbuddy.web.csproj", "{C76AC33C-9B52-484D-8629-C41E41E98F70}"
EndProject
Project("{FAE04EC0-301F-11D3-BF4B-00C04F79EFBC}") = "devbuddy.plugins.JsonFormatters", "devbuddy.plugins\DevBuddy.Plugins.JsonFormatters\devbuddy.plugins.JsonFormatters.csproj", "{E85211FC-9DD3-435E-94DB-562AF42EA328}"
EndProject
Project("{2150E333-8FDC-42A3-9474-1A3956D46DE8}") = "src", "src", "{6C83A596-D32D-B35F-00DD-F0C99B673980}"
EndProject
Project("{FAE04EC0-301F-11D3-BF4B-00C04F79EFBC}") = "devbuddy.plugins.QueryOptimizer", "devbuddy.plugins\devbuddy.plugins.QueryOptimizer\devbuddy.plugins.QueryOptimizer.csproj", "{1FEC38C8-2830-4946-9068-2961FB1B8882}"
EndProject
Project("{FAE04EC0-301F-11D3-BF4B-00C04F79EFBC}") = "devbuddy.plugins.Base64", "devbuddy.plugins\devbuddy.plugins.Base64\devbuddy.plugins.Base64.csproj", "{83378767-FACB-4A15-8C75-F32D06B5376B}"
EndProject
Project("{FAE04EC0-301F-11D3-BF4B-00C04F79EFBC}") = "devbuddy.plugins.QRCode", "devbuddy.plugins\devbuddy.plugins.QRCode\devbuddy.plugins.QRCode.csproj", "{ADE84F52-C580-4D7E-BE4E-5D4FF1B71117}"
EndProject
Project("{FAE04EC0-301F-11D3-BF4B-00C04F79EFBC}") = "devbuddy.plugins.CronExpression", "devbuddy.plugins\devbuddy.plugins.CronExpression\devbuddy.plugins.CronExpression.csproj", "{636985C7-0A4A-4592-B908-43AF09CC3BC6}"
EndProject
Project("{FAE04EC0-301F-11D3-BF4B-00C04F79EFBC}") = "devbuddy.plugins.YamlFormatter", "devbuddy.plugins\devbuddy.plugins.YamlFormatter\devbuddy.plugins.YamlFormatter.csproj", "{5F323182-7FF3-4655-B6A2-EB2B344C1F75}"
EndProject
Project("{FAE04EC0-301F-11D3-BF4B-00C04F79EFBC}") = "devbuddy.plugins.XmlFormatter", "devbuddy.plugins\devbuddy.plugins.XmlFormatter\devbuddy.plugins.XmlFormatter.csproj", "{78A155EF-E6FD-443E-A502-9F1A03CB88EA}"
EndProject
Project("{FAE04EC0-301F-11D3-BF4B-00C04F79EFBC}") = "devbuddy.plugins.Notes", "devbuddy.plugins\devbuddy.plugins.Notes\devbuddy.plugins.Notes.csproj", "{B9D149BB-6D22-4FF4-8457-3D305A25661D}"
EndProject
Project("{FAE04EC0-301F-11D3-BF4B-00C04F79EFBC}") = "devbuddy.plugins.Markdown", "devbuddy.plugins\devbuddy.plugins.Markdown\devbuddy.plugins.Markdown.csproj", "{127E4C1E-CA88-423E-9CE0-EB2835AB9A82}"
EndProject
Project("{FAE04EC0-301F-11D3-BF4B-00C04F79EFBC}") = "devbuddy.plugins.LoremIpsum", "devbuddy.plugins\devbuddy.plugins.LoremIpsum\devbuddy.plugins.LoremIpsum.csproj", "{9FDDC6C1-DF24-41D0-8FC5-66D1335E7C20}"
EndProject
Project("{2150E333-8FDC-42A3-9474-1A3956D46DE8}") = "src.web", "src.web", "{1C1C194C-7FC6-4A46-8421-F09511F0FE0B}"
EndProject
Project("{2150E333-8FDC-42A3-9474-1A3956D46DE8}") = "src.desktop", "src.desktop", "{58F229B7-3723-4C05-AF6E-EFE81DF4440C}"
EndProject
Global
	GlobalSection(SolutionConfigurationPlatforms) = preSolution
		Debug|Any CPU = Debug|Any CPU
		Release|Any CPU = Release|Any CPU
	EndGlobalSection
	GlobalSection(ProjectConfigurationPlatforms) = postSolution
		{E98B702A-CC43-457C-AB78-65F9640B6C94}.Debug|Any CPU.ActiveCfg = Debug|Any CPU
		{E98B702A-CC43-457C-AB78-65F9640B6C94}.Debug|Any CPU.Build.0 = Debug|Any CPU
		{E98B702A-CC43-457C-AB78-65F9640B6C94}.Release|Any CPU.ActiveCfg = Release|Any CPU
		{E98B702A-CC43-457C-AB78-65F9640B6C94}.Release|Any CPU.Build.0 = Release|Any CPU
		{AF7579BD-BEF8-4C28-B1B9-D8E172B43F4E}.Debug|Any CPU.ActiveCfg = Debug|Any CPU
		{AF7579BD-BEF8-4C28-B1B9-D8E172B43F4E}.Debug|Any CPU.Build.0 = Debug|Any CPU
		{AF7579BD-BEF8-4C28-B1B9-D8E172B43F4E}.Release|Any CPU.ActiveCfg = Release|Any CPU
		{AF7579BD-BEF8-4C28-B1B9-D8E172B43F4E}.Release|Any CPU.Build.0 = Release|Any CPU
		{82062294-F476-44BD-8609-831D199F0851}.Debug|Any CPU.ActiveCfg = Debug|Any CPU
		{82062294-F476-44BD-8609-831D199F0851}.Debug|Any CPU.Build.0 = Debug|Any CPU
		{82062294-F476-44BD-8609-831D199F0851}.Release|Any CPU.ActiveCfg = Release|Any CPU
		{82062294-F476-44BD-8609-831D199F0851}.Release|Any CPU.Build.0 = Release|Any CPU
		{B5497FEE-E6C2-44B7-BAAC-4A67B8EA2090}.Debug|Any CPU.ActiveCfg = Debug|Any CPU
		{B5497FEE-E6C2-44B7-BAAC-4A67B8EA2090}.Debug|Any CPU.Build.0 = Debug|Any CPU
		{B5497FEE-E6C2-44B7-BAAC-4A67B8EA2090}.Release|Any CPU.ActiveCfg = Release|Any CPU
		{B5497FEE-E6C2-44B7-BAAC-4A67B8EA2090}.Release|Any CPU.Build.0 = Release|Any CPU
		{D47E1DEA-D544-4270-B549-33E547EE02C8}.Debug|Any CPU.ActiveCfg = Debug|Any CPU
		{D47E1DEA-D544-4270-B549-33E547EE02C8}.Debug|Any CPU.Build.0 = Debug|Any CPU
		{D47E1DEA-D544-4270-B549-33E547EE02C8}.Release|Any CPU.ActiveCfg = Release|Any CPU
		{D47E1DEA-D544-4270-B549-33E547EE02C8}.Release|Any CPU.Build.0 = Release|Any CPU
		{C76AC33C-9B52-484D-8629-C41E41E98F70}.Debug|Any CPU.ActiveCfg = Debug|Any CPU
		{C76AC33C-9B52-484D-8629-C41E41E98F70}.Debug|Any CPU.Build.0 = Debug|Any CPU
		{C76AC33C-9B52-484D-8629-C41E41E98F70}.Release|Any CPU.ActiveCfg = Release|Any CPU
		{C76AC33C-9B52-484D-8629-C41E41E98F70}.Release|Any CPU.Build.0 = Release|Any CPU
		{E85211FC-9DD3-435E-94DB-562AF42EA328}.Debug|Any CPU.ActiveCfg = Debug|Any CPU
		{E85211FC-9DD3-435E-94DB-562AF42EA328}.Debug|Any CPU.Build.0 = Debug|Any CPU
		{E85211FC-9DD3-435E-94DB-562AF42EA328}.Release|Any CPU.ActiveCfg = Release|Any CPU
		{E85211FC-9DD3-435E-94DB-562AF42EA328}.Release|Any CPU.Build.0 = Release|Any CPU
		{1FEC38C8-2830-4946-9068-2961FB1B8882}.Debug|Any CPU.ActiveCfg = Debug|Any CPU
		{1FEC38C8-2830-4946-9068-2961FB1B8882}.Debug|Any CPU.Build.0 = Debug|Any CPU
		{1FEC38C8-2830-4946-9068-2961FB1B8882}.Release|Any CPU.ActiveCfg = Release|Any CPU
		{1FEC38C8-2830-4946-9068-2961FB1B8882}.Release|Any CPU.Build.0 = Release|Any CPU
		{83378767-FACB-4A15-8C75-F32D06B5376B}.Debug|Any CPU.ActiveCfg = Debug|Any CPU
		{83378767-FACB-4A15-8C75-F32D06B5376B}.Debug|Any CPU.Build.0 = Debug|Any CPU
		{83378767-FACB-4A15-8C75-F32D06B5376B}.Release|Any CPU.ActiveCfg = Release|Any CPU
		{83378767-FACB-4A15-8C75-F32D06B5376B}.Release|Any CPU.Build.0 = Release|Any CPU
		{ADE84F52-C580-4D7E-BE4E-5D4FF1B71117}.Debug|Any CPU.ActiveCfg = Debug|Any CPU
		{ADE84F52-C580-4D7E-BE4E-5D4FF1B71117}.Debug|Any CPU.Build.0 = Debug|Any CPU
		{ADE84F52-C580-4D7E-BE4E-5D4FF1B71117}.Release|Any CPU.ActiveCfg = Release|Any CPU
		{ADE84F52-C580-4D7E-BE4E-5D4FF1B71117}.Release|Any CPU.Build.0 = Release|Any CPU
		{636985C7-0A4A-4592-B908-43AF09CC3BC6}.Debug|Any CPU.ActiveCfg = Debug|Any CPU
		{636985C7-0A4A-4592-B908-43AF09CC3BC6}.Debug|Any CPU.Build.0 = Debug|Any CPU
		{636985C7-0A4A-4592-B908-43AF09CC3BC6}.Release|Any CPU.ActiveCfg = Release|Any CPU
		{636985C7-0A4A-4592-B908-43AF09CC3BC6}.Release|Any CPU.Build.0 = Release|Any CPU
		{5F323182-7FF3-4655-B6A2-EB2B344C1F75}.Debug|Any CPU.ActiveCfg = Debug|Any CPU
		{5F323182-7FF3-4655-B6A2-EB2B344C1F75}.Debug|Any CPU.Build.0 = Debug|Any CPU
		{5F323182-7FF3-4655-B6A2-EB2B344C1F75}.Release|Any CPU.ActiveCfg = Release|Any CPU
		{5F323182-7FF3-4655-B6A2-EB2B344C1F75}.Release|Any CPU.Build.0 = Release|Any CPU
		{78A155EF-E6FD-443E-A502-9F1A03CB88EA}.Debug|Any CPU.ActiveCfg = Debug|Any CPU
		{78A155EF-E6FD-443E-A502-9F1A03CB88EA}.Debug|Any CPU.Build.0 = Debug|Any CPU
		{78A155EF-E6FD-443E-A502-9F1A03CB88EA}.Release|Any CPU.ActiveCfg = Release|Any CPU
		{78A155EF-E6FD-443E-A502-9F1A03CB88EA}.Release|Any CPU.Build.0 = Release|Any CPU
		{B9D149BB-6D22-4FF4-8457-3D305A25661D}.Debug|Any CPU.ActiveCfg = Debug|Any CPU
		{B9D149BB-6D22-4FF4-8457-3D305A25661D}.Debug|Any CPU.Build.0 = Debug|Any CPU
		{B9D149BB-6D22-4FF4-8457-3D305A25661D}.Release|Any CPU.ActiveCfg = Release|Any CPU
		{B9D149BB-6D22-4FF4-8457-3D305A25661D}.Release|Any CPU.Build.0 = Release|Any CPU
		{127E4C1E-CA88-423E-9CE0-EB2835AB9A82}.Debug|Any CPU.ActiveCfg = Debug|Any CPU
		{127E4C1E-CA88-423E-9CE0-EB2835AB9A82}.Debug|Any CPU.Build.0 = Debug|Any CPU
		{127E4C1E-CA88-423E-9CE0-EB2835AB9A82}.Release|Any CPU.ActiveCfg = Release|Any CPU
		{127E4C1E-CA88-423E-9CE0-EB2835AB9A82}.Release|Any CPU.Build.0 = Release|Any CPU
		{9FDDC6C1-DF24-41D0-8FC5-66D1335E7C20}.Debug|Any CPU.ActiveCfg = Debug|Any CPU
		{9FDDC6C1-DF24-41D0-8FC5-66D1335E7C20}.Debug|Any CPU.Build.0 = Debug|Any CPU
		{9FDDC6C1-DF24-41D0-8FC5-66D1335E7C20}.Release|Any CPU.ActiveCfg = Release|Any CPU
		{9FDDC6C1-DF24-41D0-8FC5-66D1335E7C20}.Release|Any CPU.Build.0 = Release|Any CPU
	EndGlobalSection
	GlobalSection(SolutionProperties) = preSolution
		HideSolutionNode = FALSE
	EndGlobalSection
	GlobalSection(NestedProjects) = preSolution
		{E98B702A-CC43-457C-AB78-65F9640B6C94} = {58F229B7-3723-4C05-AF6E-EFE81DF4440C}
		{AF7579BD-BEF8-4C28-B1B9-D8E172B43F4E} = {6C83A596-D32D-B35F-00DD-F0C99B673980}
		{82062294-F476-44BD-8609-831D199F0851} = {6C83A596-D32D-B35F-00DD-F0C99B673980}
		{B5497FEE-E6C2-44B7-BAAC-4A67B8EA2090} = {6C83A596-D32D-B35F-00DD-F0C99B673980}
		{D47E1DEA-D544-4270-B549-33E547EE02C8} = {58F229B7-3723-4C05-AF6E-EFE81DF4440C}
		{C76AC33C-9B52-484D-8629-C41E41E98F70} = {1C1C194C-7FC6-4A46-8421-F09511F0FE0B}
		{E85211FC-9DD3-435E-94DB-562AF42EA328} = {255A78B8-75D1-4175-B9AA-5E9F2BE5EACC}
		{1FEC38C8-2830-4946-9068-2961FB1B8882} = {255A78B8-75D1-4175-B9AA-5E9F2BE5EACC}
		{83378767-FACB-4A15-8C75-F32D06B5376B} = {255A78B8-75D1-4175-B9AA-5E9F2BE5EACC}
		{ADE84F52-C580-4D7E-BE4E-5D4FF1B71117} = {255A78B8-75D1-4175-B9AA-5E9F2BE5EACC}
		{636985C7-0A4A-4592-B908-43AF09CC3BC6} = {255A78B8-75D1-4175-B9AA-5E9F2BE5EACC}
		{5F323182-7FF3-4655-B6A2-EB2B344C1F75} = {255A78B8-75D1-4175-B9AA-5E9F2BE5EACC}
		{78A155EF-E6FD-443E-A502-9F1A03CB88EA} = {255A78B8-75D1-4175-B9AA-5E9F2BE5EACC}
		{B9D149BB-6D22-4FF4-8457-3D305A25661D} = {255A78B8-75D1-4175-B9AA-5E9F2BE5EACC}
		{127E4C1E-CA88-423E-9CE0-EB2835AB9A82} = {255A78B8-75D1-4175-B9AA-5E9F2BE5EACC}
		{9FDDC6C1-DF24-41D0-8FC5-66D1335E7C20} = {255A78B8-75D1-4175-B9AA-5E9F2BE5EACC}
		{1C1C194C-7FC6-4A46-8421-F09511F0FE0B} = {6C83A596-D32D-B35F-00DD-F0C99B673980}
		{58F229B7-3723-4C05-AF6E-EFE81DF4440C} = {6C83A596-D32D-B35F-00DD-F0C99B673980}
	EndGlobalSection
	GlobalSection(ExtensibilityGlobals) = postSolution
		SolutionGuid = {63069232-DFA8-4BF6-A5A0-395A67298A8F}
	EndGlobalSection
EndGlobal
